<?xml version="1.0" encoding="utf-8"?>
<Project ToolsVersion="4.0" xmlns="http://schemas.microsoft.com/developer/msbuild/2003">
  <ItemGroup>
    <Filter Include="Source Files">
      <UniqueIdentifier>{4FC737F1-C7A5-4376-A066-2A32D752A2FF}</UniqueIdentifier>
      <Extensions>cpp;c;cc;cxx;def;odl;idl;hpj;bat;asm;asmx</Extensions>
    </Filter>
    <Filter Include="Header Files">
      <UniqueIdentifier>{93995380-89BD-4b04-88EB-625FBE52EBFB}</UniqueIdentifier>
      <Extensions>h;hh;hpp;hxx;hm;inl;inc;ipp;xsd</Extensions>
    </Filter>
    <Filter Include="Resource Files">
      <UniqueIdentifier>{67DA6AB6-F800-4c08-8B7A-83BB121AAD01}</UniqueIdentifier>
      <Extensions>rc;ico;cur;bmp;dlg;rc2;rct;bin;rgs;gif;jpg;jpeg;jpe;resx;tiff;tif;png;wav;mfcribbon-ms</Extensions>
    </Filter>
    <Filter Include="Header Files\Resources&lt;P5&gt;">
      <UniqueIdentifier>{4642472b-00f5-425d-b41f-c4d46795bff6}</UniqueIdentifier>
    </Filter>
    <Filter Include="Source Files\Resources&lt;P5&gt;">
      <UniqueIdentifier>{02bef6d6-728e-4cdc-9a98-8889df16ef11}</UniqueIdentifier>
    </Filter>
    <Filter Include="Header Files\Player&lt;P4&gt;">
      <UniqueIdentifier>{6d55571a-e5ce-45d1-8bfa-78ed15e787b8}</UniqueIdentifier>
    </Filter>
    <Filter Include="Source Files\Player&lt;P4&gt;">
      <UniqueIdentifier>{deeefcc7-502e-43a2-8081-ab556f96e47b}</UniqueIdentifier>
    </Filter>
  </ItemGroup>
  <ItemGroup>
    <ClCompile Include="Main.cpp">
      <Filter>Source Files</Filter>
    </ClCompile>
    <ClCompile Include="GBMap.cpp">
      <Filter>Source Files</Filter>
    </ClCompile>
    <ClCompile Include="GBMapLoader.cpp">
      <Filter>Source Files</Filter>
    </ClCompile>
    <ClCompile Include="VGMapLoader.cpp">
      <Filter>Source Files</Filter>
    </ClCompile>
    <ClCompile Include="Graph.cpp">
      <Filter>Source Files</Filter>
    </ClCompile>
    <ClCompile Include="Node.cpp">
      <Filter>Source Files</Filter>
    </ClCompile>
    <ClCompile Include="TileNode.cpp">
      <Filter>Source Files</Filter>
    </ClCompile>
    <ClCompile Include="Building.cpp">
      <Filter>Source Files\Resources&lt;P5&gt;</Filter>
    </ClCompile>
    <ClCompile Include="Hand.cpp">
      <Filter>Source Files\Resources&lt;P5&gt;</Filter>
    </ClCompile>
    <ClCompile Include="Harvest.cpp">
      <Filter>Source Files\Resources&lt;P5&gt;</Filter>
    </ClCompile>
    <ClCompile Include="Resources.cpp">
      <Filter>Source Files\Resources&lt;P5&gt;</Filter>
    </ClCompile>
    <ClCompile Include="Player.cpp">
      <Filter>Source Files\Player&lt;P4&gt;</Filter>
    </ClCompile>
  </ItemGroup>
  <ItemGroup>
    <ClInclude Include="VGMapLoader.h">
      <Filter>Header Files</Filter>
    </ClInclude>
    <ClInclude Include="Graph.h">
      <Filter>Header Files</Filter>
    </ClInclude>
    <ClInclude Include="Node.h">
      <Filter>Header Files</Filter>
    </ClInclude>
    <ClInclude Include="TileNode.h">
      <Filter>Header Files</Filter>
    </ClInclude>
    <ClInclude Include="Building.h">
      <Filter>Header Files\Resources&lt;P5&gt;</Filter>
    </ClInclude>
    <ClInclude Include="Harvest.h">
      <Filter>Header Files\Resources&lt;P5&gt;</Filter>
    </ClInclude>
    <ClInclude Include="Resources.h">
      <Filter>Header Files\Resources&lt;P5&gt;</Filter>
    </ClInclude>
    <ClInclude Include="Hand.h">
      <Filter>Header Files\Resources&lt;P5&gt;</Filter>
    </ClInclude>
    <ClInclude Include="Player.h">
      <Filter>Header Files\Player&lt;P4&gt;</Filter>
    </ClInclude>
    <ClInclude Include="GBMapLoader.h">
      <Filter>Header Files\Resources&lt;P5&gt;</Filter>
    </ClInclude>
    <ClInclude Include="GBMap.h">
      <Filter>Header Files\Resources&lt;P5&gt;</Filter>
    </ClInclude>
  </ItemGroup>
</Project>