<?xml version="1.0" encoding="utf-8"?>
<Project ToolsVersion="4.0" xmlns="http://schemas.microsoft.com/developer/msbuild/2003">
  <ItemGroup>
    <Filter Include="Source Files">
      <UniqueIdentifier>{4FC737F1-C7A5-4376-A066-2A32D752A2FF}</UniqueIdentifier>
      <Extensions>cpp;c;cc;cxx;def;odl;idl;hpj;bat;asm;asmx</Extensions>
    </Filter>
    <Filter Include="Header Files">
      <UniqueIdentifier>{93995380-89BD-4b04-88EB-625FBE52EBFB}</UniqueIdentifier>
      <Extensions>h;hh;hpp;hxx;hm;inl;inc;ipp;xsd</Extensions>
    </Filter>
    <Filter Include="Header Files\Player %28P4%29">
      <UniqueIdentifier>{6d55571a-e5ce-45d1-8bfa-78ed15e787b8}</UniqueIdentifier>
    </Filter>
    <Filter Include="Header Files\GBMap %28P1%29">
      <UniqueIdentifier>{c7368aae-66c4-45ef-8351-6ec8b446dc9e}</UniqueIdentifier>
    </Filter>
    <Filter Include="Header Files\Maps Loader %28P3%29">
      <UniqueIdentifier>{82e6e8ab-77bd-4ad9-847c-0f640fb17ed2}</UniqueIdentifier>
    </Filter>
    <Filter Include="Header Files\VGMap %28P2%29">
      <UniqueIdentifier>{9214aa79-3a0a-4451-96aa-f7bae0ad8dbf}</UniqueIdentifier>
    </Filter>
    <Filter Include="Source Files\Player %28P4%29">
      <UniqueIdentifier>{deeefcc7-502e-43a2-8081-ab556f96e47b}</UniqueIdentifier>
    </Filter>
    <Filter Include="Source Files\GBMap %28P1%29">
      <UniqueIdentifier>{a6700b18-1170-49fe-99ee-9d8b64ebdd3a}</UniqueIdentifier>
    </Filter>
    <Filter Include="Source Files\Maps Loader %28P3%29">
      <UniqueIdentifier>{c1869def-a233-46df-9c07-727d285e572d}</UniqueIdentifier>
    </Filter>
    <Filter Include="Source Files\VGMap %28P2%29">
      <UniqueIdentifier>{6d963b38-9517-4d81-8d91-06c8e537de7e}</UniqueIdentifier>
    </Filter>
    <Filter Include="Source Files\Resources %28P5%29 %28P6%29">
      <UniqueIdentifier>{02bef6d6-728e-4cdc-9a98-8889df16ef11}</UniqueIdentifier>
    </Filter>
    <Filter Include="Header Files\Resources %28P5%29 %28P6%29">
      <UniqueIdentifier>{4642472b-00f5-425d-b41f-c4d46795bff6}</UniqueIdentifier>
    </Filter>
  </ItemGroup>
  <ItemGroup>
    <ClCompile Include="Main.cpp">
      <Filter>Source Files</Filter>
    </ClCompile>
    <ClCompile Include="Building.cpp">
      <Filter>Source Files\Resources %28P5%29 %28P6%29</Filter>
    </ClCompile>
    <ClCompile Include="Hand.cpp">
      <Filter>Source Files\Resources %28P5%29 %28P6%29</Filter>
    </ClCompile>
    <ClCompile Include="Harvest.cpp">
      <Filter>Source Files\Resources %28P5%29 %28P6%29</Filter>
    </ClCompile>
    <ClCompile Include="Resources.cpp">
      <Filter>Source Files\Resources %28P5%29 %28P6%29</Filter>
    </ClCompile>
    <ClCompile Include="Player.cpp">
      <Filter>Source Files\Player %28P4%29</Filter>
    </ClCompile>
    <ClCompile Include="GBMap.cpp">
      <Filter>Source Files\GBMap %28P1%29</Filter>
    </ClCompile>
    <ClCompile Include="GBMapLoader.cpp">
      <Filter>Source Files\Maps Loader %28P3%29</Filter>
    </ClCompile>
    <ClCompile Include="Graph.cpp">
      <Filter>Source Files\GBMap %28P1%29</Filter>
    </ClCompile>
    <ClCompile Include="Node.cpp">
      <Filter>Source Files\GBMap %28P1%29</Filter>
    </ClCompile>
    <ClCompile Include="TileNode.cpp">
      <Filter>Source Files\GBMap %28P1%29</Filter>
    </ClCompile>
    <ClCompile Include="VGMapLoader.cpp">
      <Filter>Source Files\Maps Loader %28P3%29</Filter>
    </ClCompile>
    <ClCompile Include="VGMap.cpp">
      <Filter>Source Files\VGMap %28P2%29</Filter>
    </ClCompile>
    <ClCompile Include="MapDrawer.cpp">
      <Filter>Source Files</Filter>
    </ClCompile>
    <ClCompile Include="Game.cpp">
      <Filter>Source Files</Filter>
    </ClCompile>
    <ClCompile Include="GameObservers.cpp">
      <Filter>Source Files</Filter>
    </ClCompile>
  </ItemGroup>
  <ItemGroup>
    <ClInclude Include="Building.h">
      <Filter>Header Files\Resources %28P5%29 %28P6%29</Filter>
    </ClInclude>
    <ClInclude Include="Harvest.h">
      <Filter>Header Files\Resources %28P5%29 %28P6%29</Filter>
    </ClInclude>
    <ClInclude Include="Resources.h">
      <Filter>Header Files\Resources %28P5%29 %28P6%29</Filter>
    </ClInclude>
    <ClInclude Include="Hand.h">
      <Filter>Header Files\Resources %28P5%29 %28P6%29</Filter>
    </ClInclude>
    <ClInclude Include="Player.h">
      <Filter>Header Files\Player %28P4%29</Filter>
    </ClInclude>
    <ClInclude Include="Graph.h">
      <Filter>Header Files\GBMap %28P1%29</Filter>
    </ClInclude>
    <ClInclude Include="Node.h">
      <Filter>Header Files\GBMap %28P1%29</Filter>
    </ClInclude>
    <ClInclude Include="TileNode.h">
      <Filter>Header Files\GBMap %28P1%29</Filter>
    </ClInclude>
    <ClInclude Include="VGMapLoader.h">
      <Filter>Header Files\Maps Loader %28P3%29</Filter>
    </ClInclude>
    <ClInclude Include="GBMap.h">
      <Filter>Header Files\GBMap %28P1%29</Filter>
    </ClInclude>
    <ClInclude Include="GBMapLoader.h">
      <Filter>Header Files\Maps Loader %28P3%29</Filter>
    </ClInclude>
    <ClInclude Include="VGMap.h">
      <Filter>Header Files\VGMap %28P2%29</Filter>
    </ClInclude>
    <ClInclude Include="CImg.h">
      <Filter>Header Files</Filter>
    </ClInclude>
    <ClInclude Include="MapDrawer.h">
      <Filter>Header Files</Filter>
    </ClInclude>
    <ClInclude Include="Game.h">
      <Filter>Header Files</Filter>
    </ClInclude>
    <ClInclude Include="DrawDisplay.h">
      <Filter>Header Files</Filter>
    </ClInclude>
    <ClInclude Include="GameObservers.h">
      <Filter>Header Files</Filter>
    </ClInclude>
  </ItemGroup>
</Project>